// !$*UTF8*$!
{
	archiveVersion = 1;
	classes = {
	};
	objectVersion = 46;
	objects = {

/* Begin PBXBuildFile section */
		E14DEF60169C509900B0C07E /* UIKit.framework in Frameworks */ = {isa = PBXBuildFile; fileRef = E14DEF5F169C509900B0C07E /* UIKit.framework */; };
		E14DEF62169C509900B0C07E /* Foundation.framework in Frameworks */ = {isa = PBXBuildFile; fileRef = E14DEF61169C509900B0C07E /* Foundation.framework */; };
		E14DEF64169C509900B0C07E /* CoreGraphics.framework in Frameworks */ = {isa = PBXBuildFile; fileRef = E14DEF63169C509900B0C07E /* CoreGraphics.framework */; };
		E14DEF6A169C509900B0C07E /* InfoPlist.strings in Resources */ = {isa = PBXBuildFile; fileRef = E14DEF68169C509900B0C07E /* InfoPlist.strings */; };
		E14DEF6C169C509900B0C07E /* main.m in Sources */ = {isa = PBXBuildFile; fileRef = E14DEF6B169C509900B0C07E /* main.m */; };
		E14DEF70169C509900B0C07E /* AppDelegate.m in Sources */ = {isa = PBXBuildFile; fileRef = E14DEF6F169C509900B0C07E /* AppDelegate.m */; };
		E14DEF72169C509900B0C07E /* Default.png in Resources */ = {isa = PBXBuildFile; fileRef = E14DEF71169C509900B0C07E /* Default.png */; };
		E14DEF74169C509900B0C07E /* Default@2x.png in Resources */ = {isa = PBXBuildFile; fileRef = E14DEF73169C509900B0C07E /* Default@2x.png */; };
		E14DEF76169C509900B0C07E /* Default-568h@2x.png in Resources */ = {isa = PBXBuildFile; fileRef = E14DEF75169C509900B0C07E /* Default-568h@2x.png */; };
		E14DEF79169C509900B0C07E /* MainStoryboard.storyboard in Resources */ = {isa = PBXBuildFile; fileRef = E14DEF77169C509900B0C07E /* MainStoryboard.storyboard */; };
		E14DEF7C169C509900B0C07E /* ViewController.m in Sources */ = {isa = PBXBuildFile; fileRef = E14DEF7B169C509900B0C07E /* ViewController.m */; };
		E14DEF8D169C514F00B0C07E /* SenTestingKit.framework in Frameworks */ = {isa = PBXBuildFile; fileRef = E14DEF8C169C514F00B0C07E /* SenTestingKit.framework */; };
		E14DEF8E169C514F00B0C07E /* UIKit.framework in Frameworks */ = {isa = PBXBuildFile; fileRef = E14DEF5F169C509900B0C07E /* UIKit.framework */; };
		E14DEF8F169C514F00B0C07E /* Foundation.framework in Frameworks */ = {isa = PBXBuildFile; fileRef = E14DEF61169C509900B0C07E /* Foundation.framework */; };
		E14DEF95169C515000B0C07E /* InfoPlist.strings in Resources */ = {isa = PBXBuildFile; fileRef = E14DEF93169C515000B0C07E /* InfoPlist.strings */; };
		E14DEFAF169C573100B0C07E /* CreditCard-Validator.m in Sources */ = {isa = PBXBuildFile; fileRef = E14DEFAE169C573100B0C07E /* CreditCard-Validator.m */; };
		E14DEFB3169C5B7500B0C07E /* CreditCard-Validator.m in Sources */ = {isa = PBXBuildFile; fileRef = E14DEFAE169C573100B0C07E /* CreditCard-Validator.m */; };
		E14DEFEB169C76D200B0C07E /* CreditCard-ValidatorSpecs.m in Sources */ = {isa = PBXBuildFile; fileRef = E14DEFEA169C76D200B0C07E /* CreditCard-ValidatorSpecs.m */; };
		F635B40E9DE348A8B9349004 /* libPods-KiwiUnitTest.a in Frameworks */ = {isa = PBXBuildFile; fileRef = 33C9A898FDEF4B0D80113BD8 /* libPods-KiwiUnitTest.a */; };
/* End PBXBuildFile section */

/* Begin PBXContainerItemProxy section */
		E14DEFA9169C518700B0C07E /* PBXContainerItemProxy */ = {
			isa = PBXContainerItemProxy;
			containerPortal = E14DEFA2169C518700B0C07E /* Pods.xcodeproj */;
			proxyType = 2;
			remoteGlobalIDString = A4B82CC8EA214DBCBCAF321E;
			remoteInfo = "Pods-KiwiUnitTest";
		};
/* End PBXContainerItemProxy section */

/* Begin PBXFileReference section */
		2F4E0E24017242CBB36B71D3 /* Pods-KiwiUnitTest.xcconfig */ = {isa = PBXFileReference; includeInIndex = 1; lastKnownFileType = text.xcconfig; name = "Pods-KiwiUnitTest.xcconfig"; path = "Pods/Pods-KiwiUnitTest.xcconfig"; sourceTree = SOURCE_ROOT; };
		33C9A898FDEF4B0D80113BD8 /* libPods-KiwiUnitTest.a */ = {isa = PBXFileReference; explicitFileType = archive.ar; includeInIndex = 0; path = "libPods-KiwiUnitTest.a"; sourceTree = BUILT_PRODUCTS_DIR; };
		E14DEF5B169C509900B0C07E /* CreditCard-Validator-ObjC.app */ = {isa = PBXFileReference; explicitFileType = wrapper.application; includeInIndex = 0; path = "CreditCard-Validator-ObjC.app"; sourceTree = BUILT_PRODUCTS_DIR; };
		E14DEF5F169C509900B0C07E /* UIKit.framework */ = {isa = PBXFileReference; lastKnownFileType = wrapper.framework; name = UIKit.framework; path = System/Library/Frameworks/UIKit.framework; sourceTree = SDKROOT; };
		E14DEF61169C509900B0C07E /* Foundation.framework */ = {isa = PBXFileReference; lastKnownFileType = wrapper.framework; name = Foundation.framework; path = System/Library/Frameworks/Foundation.framework; sourceTree = SDKROOT; };
		E14DEF63169C509900B0C07E /* CoreGraphics.framework */ = {isa = PBXFileReference; lastKnownFileType = wrapper.framework; name = CoreGraphics.framework; path = System/Library/Frameworks/CoreGraphics.framework; sourceTree = SDKROOT; };
		E14DEF67169C509900B0C07E /* CreditCard-Validator-ObjC-Info.plist */ = {isa = PBXFileReference; lastKnownFileType = text.plist.xml; path = "CreditCard-Validator-ObjC-Info.plist"; sourceTree = "<group>"; };
		E14DEF69169C509900B0C07E /* en */ = {isa = PBXFileReference; lastKnownFileType = text.plist.strings; name = en; path = en.lproj/InfoPlist.strings; sourceTree = "<group>"; };
		E14DEF6B169C509900B0C07E /* main.m */ = {isa = PBXFileReference; lastKnownFileType = sourcecode.c.objc; path = main.m; sourceTree = "<group>"; };
		E14DEF6D169C509900B0C07E /* CreditCard-Validator-ObjC-Prefix.pch */ = {isa = PBXFileReference; lastKnownFileType = sourcecode.c.h; path = "CreditCard-Validator-ObjC-Prefix.pch"; sourceTree = "<group>"; };
		E14DEF6E169C509900B0C07E /* AppDelegate.h */ = {isa = PBXFileReference; lastKnownFileType = sourcecode.c.h; path = AppDelegate.h; sourceTree = "<group>"; };
		E14DEF6F169C509900B0C07E /* AppDelegate.m */ = {isa = PBXFileReference; lastKnownFileType = sourcecode.c.objc; path = AppDelegate.m; sourceTree = "<group>"; };
		E14DEF71169C509900B0C07E /* Default.png */ = {isa = PBXFileReference; lastKnownFileType = image.png; path = Default.png; sourceTree = "<group>"; };
		E14DEF73169C509900B0C07E /* Default@2x.png */ = {isa = PBXFileReference; lastKnownFileType = image.png; path = "Default@2x.png"; sourceTree = "<group>"; };
		E14DEF75169C509900B0C07E /* Default-568h@2x.png */ = {isa = PBXFileReference; lastKnownFileType = image.png; path = "Default-568h@2x.png"; sourceTree = "<group>"; };
		E14DEF78169C509900B0C07E /* en */ = {isa = PBXFileReference; lastKnownFileType = file.storyboard; name = en; path = en.lproj/MainStoryboard.storyboard; sourceTree = "<group>"; };
		E14DEF7A169C509900B0C07E /* ViewController.h */ = {isa = PBXFileReference; lastKnownFileType = sourcecode.c.h; path = ViewController.h; sourceTree = "<group>"; };
		E14DEF7B169C509900B0C07E /* ViewController.m */ = {isa = PBXFileReference; lastKnownFileType = sourcecode.c.objc; path = ViewController.m; sourceTree = "<group>"; };
		E14DEF8B169C514F00B0C07E /* KiwiUnitTest.octest */ = {isa = PBXFileReference; explicitFileType = wrapper.cfbundle; includeInIndex = 0; path = KiwiUnitTest.octest; sourceTree = BUILT_PRODUCTS_DIR; };
		E14DEF8C169C514F00B0C07E /* SenTestingKit.framework */ = {isa = PBXFileReference; lastKnownFileType = wrapper.framework; name = SenTestingKit.framework; path = Library/Frameworks/SenTestingKit.framework; sourceTree = DEVELOPER_DIR; };
		E14DEF92169C515000B0C07E /* KiwiUnitTest-Info.plist */ = {isa = PBXFileReference; lastKnownFileType = text.plist.xml; path = "KiwiUnitTest-Info.plist"; sourceTree = "<group>"; };
		E14DEF94169C515000B0C07E /* en */ = {isa = PBXFileReference; lastKnownFileType = text.plist.strings; name = en; path = en.lproj/InfoPlist.strings; sourceTree = "<group>"; };
		E14DEF99169C515000B0C07E /* KiwiUnitTest-Prefix.pch */ = {isa = PBXFileReference; lastKnownFileType = sourcecode.c.h; path = "KiwiUnitTest-Prefix.pch"; sourceTree = "<group>"; };
		E14DEFA2169C518700B0C07E /* Pods.xcodeproj */ = {isa = PBXFileReference; lastKnownFileType = "wrapper.pb-project"; name = Pods.xcodeproj; path = Pods/Pods.xcodeproj; sourceTree = "<group>"; };
		E14DEFAD169C573100B0C07E /* CreditCard-Validator.h */ = {isa = PBXFileReference; fileEncoding = 4; lastKnownFileType = sourcecode.c.h; name = "CreditCard-Validator.h"; path = "CreditCard-Validator/CreditCard-Validator.h"; sourceTree = "<group>"; };
		E14DEFAE169C573100B0C07E /* CreditCard-Validator.m */ = {isa = PBXFileReference; fileEncoding = 4; lastKnownFileType = sourcecode.c.objc; name = "CreditCard-Validator.m"; path = "CreditCard-Validator/CreditCard-Validator.m"; sourceTree = "<group>"; };
		E14DEFEA169C76D200B0C07E /* CreditCard-ValidatorSpecs.m */ = {isa = PBXFileReference; fileEncoding = 4; lastKnownFileType = sourcecode.c.objc; path = "CreditCard-ValidatorSpecs.m"; sourceTree = "<group>"; };
/* End PBXFileReference section */

/* Begin PBXFrameworksBuildPhase section */
		E14DEF58169C509900B0C07E /* Frameworks */ = {
			isa = PBXFrameworksBuildPhase;
			buildActionMask = 2147483647;
			files = (
				E14DEF60169C509900B0C07E /* UIKit.framework in Frameworks */,
				E14DEF62169C509900B0C07E /* Foundation.framework in Frameworks */,
				E14DEF64169C509900B0C07E /* CoreGraphics.framework in Frameworks */,
			);
			runOnlyForDeploymentPostprocessing = 0;
		};
		E14DEF87169C514F00B0C07E /* Frameworks */ = {
			isa = PBXFrameworksBuildPhase;
			buildActionMask = 2147483647;
			files = (
				E14DEF8D169C514F00B0C07E /* SenTestingKit.framework in Frameworks */,
				E14DEF8E169C514F00B0C07E /* UIKit.framework in Frameworks */,
				E14DEF8F169C514F00B0C07E /* Foundation.framework in Frameworks */,
				F635B40E9DE348A8B9349004 /* libPods-KiwiUnitTest.a in Frameworks */,
			);
			runOnlyForDeploymentPostprocessing = 0;
		};
/* End PBXFrameworksBuildPhase section */

/* Begin PBXGroup section */
		E14DEF50169C509900B0C07E = {
			isa = PBXGroup;
			children = (
				E14DEF65169C509900B0C07E /* CreditCard-Validator-ObjC */,
				E14DEF90169C515000B0C07E /* KiwiUnitTest */,
				E14DEF5E169C509900B0C07E /* Frameworks */,
				E14DEF5C169C509900B0C07E /* Products */,
				2F4E0E24017242CBB36B71D3 /* Pods-KiwiUnitTest.xcconfig */,
			);
			sourceTree = "<group>";
		};
		E14DEF5C169C509900B0C07E /* Products */ = {
			isa = PBXGroup;
			children = (
				E14DEF5B169C509900B0C07E /* CreditCard-Validator-ObjC.app */,
				E14DEF8B169C514F00B0C07E /* KiwiUnitTest.octest */,
			);
			name = Products;
			sourceTree = "<group>";
		};
		E14DEF5E169C509900B0C07E /* Frameworks */ = {
			isa = PBXGroup;
			children = (
				E14DEFA2169C518700B0C07E /* Pods.xcodeproj */,
				E14DEF5F169C509900B0C07E /* UIKit.framework */,
				E14DEF61169C509900B0C07E /* Foundation.framework */,
				E14DEF63169C509900B0C07E /* CoreGraphics.framework */,
				E14DEF8C169C514F00B0C07E /* SenTestingKit.framework */,
				33C9A898FDEF4B0D80113BD8 /* libPods-KiwiUnitTest.a */,
			);
			name = Frameworks;
			sourceTree = "<group>";
		};
		E14DEF65169C509900B0C07E /* CreditCard-Validator-ObjC */ = {
			isa = PBXGroup;
			children = (
				E14DEFAC169C56EF00B0C07E /* CreditCard-Validator */,
				E14DEF6E169C509900B0C07E /* AppDelegate.h */,
				E14DEF6F169C509900B0C07E /* AppDelegate.m */,
				E14DEF77169C509900B0C07E /* MainStoryboard.storyboard */,
				E14DEF7A169C509900B0C07E /* ViewController.h */,
				E14DEF7B169C509900B0C07E /* ViewController.m */,
				E14DEF66169C509900B0C07E /* Supporting Files */,
			);
			path = "CreditCard-Validator-ObjC";
			sourceTree = "<group>";
		};
		E14DEF66169C509900B0C07E /* Supporting Files */ = {
			isa = PBXGroup;
			children = (
				E14DEF67169C509900B0C07E /* CreditCard-Validator-ObjC-Info.plist */,
				E14DEF68169C509900B0C07E /* InfoPlist.strings */,
				E14DEF6B169C509900B0C07E /* main.m */,
				E14DEF6D169C509900B0C07E /* CreditCard-Validator-ObjC-Prefix.pch */,
				E14DEF71169C509900B0C07E /* Default.png */,
				E14DEF73169C509900B0C07E /* Default@2x.png */,
				E14DEF75169C509900B0C07E /* Default-568h@2x.png */,
			);
			name = "Supporting Files";
			sourceTree = "<group>";
		};
		E14DEF90169C515000B0C07E /* KiwiUnitTest */ = {
			isa = PBXGroup;
			children = (
				E14DEF91169C515000B0C07E /* Supporting Files */,
				E14DEFEA169C76D200B0C07E /* CreditCard-ValidatorSpecs.m */,
			);
			path = KiwiUnitTest;
			sourceTree = "<group>";
		};
		E14DEF91169C515000B0C07E /* Supporting Files */ = {
			isa = PBXGroup;
			children = (
				E14DEF92169C515000B0C07E /* KiwiUnitTest-Info.plist */,
				E14DEF93169C515000B0C07E /* InfoPlist.strings */,
				E14DEF99169C515000B0C07E /* KiwiUnitTest-Prefix.pch */,
			);
			name = "Supporting Files";
			sourceTree = "<group>";
		};
		E14DEFA3169C518700B0C07E /* Products */ = {
			isa = PBXGroup;
			children = (
				E14DEFAA169C518700B0C07E /* libPods-KiwiUnitTest.a */,
			);
			name = Products;
			sourceTree = "<group>";
		};
		E14DEFAC169C56EF00B0C07E /* CreditCard-Validator */ = {
			isa = PBXGroup;
			children = (
				E14DEFAD169C573100B0C07E /* CreditCard-Validator.h */,
				E14DEFAE169C573100B0C07E /* CreditCard-Validator.m */,
			);
			name = "CreditCard-Validator";
			sourceTree = "<group>";
		};
/* End PBXGroup section */

/* Begin PBXNativeTarget section */
		E14DEF5A169C509900B0C07E /* CreditCard-Validator-ObjC */ = {
			isa = PBXNativeTarget;
			buildConfigurationList = E14DEF7F169C509900B0C07E /* Build configuration list for PBXNativeTarget "CreditCard-Validator-ObjC" */;
			buildPhases = (
				E14DEF57169C509900B0C07E /* Sources */,
				E14DEF58169C509900B0C07E /* Frameworks */,
				E14DEF59169C509900B0C07E /* Resources */,
			);
			buildRules = (
			);
			dependencies = (
			);
			name = "CreditCard-Validator-ObjC";
			productName = "CreditCard-Validator-ObjC";
			productReference = E14DEF5B169C509900B0C07E /* CreditCard-Validator-ObjC.app */;
			productType = "com.apple.product-type.application";
		};
		E14DEF8A169C514F00B0C07E /* KiwiUnitTest */ = {
			isa = PBXNativeTarget;
			buildConfigurationList = E14DEF9C169C515000B0C07E /* Build configuration list for PBXNativeTarget "KiwiUnitTest" */;
			buildPhases = (
				E14DEF86169C514F00B0C07E /* Sources */,
				E14DEF87169C514F00B0C07E /* Frameworks */,
				E14DEF88169C514F00B0C07E /* Resources */,
				E14DEF89169C514F00B0C07E /* ShellScript */,
				81BCB20499674340AE79EDCB /* Copy Pods Resources */,
			);
			buildRules = (
			);
			dependencies = (
			);
			name = KiwiUnitTest;
			productName = KiwiUnitTest;
			productReference = E14DEF8B169C514F00B0C07E /* KiwiUnitTest.octest */;
			productType = "com.apple.product-type.bundle";
		};
/* End PBXNativeTarget section */

/* Begin PBXProject section */
		E14DEF52169C509900B0C07E /* Project object */ = {
			isa = PBXProject;
			attributes = {
				LastUpgradeCheck = 0450;
				ORGANIZATIONNAME = "Fernando Bass";
			};
			buildConfigurationList = E14DEF55169C509900B0C07E /* Build configuration list for PBXProject "CreditCard-Validator-ObjC" */;
			compatibilityVersion = "Xcode 3.2";
			developmentRegion = English;
			hasScannedForEncodings = 0;
			knownRegions = (
				en,
			);
			mainGroup = E14DEF50169C509900B0C07E;
			productRefGroup = E14DEF5C169C509900B0C07E /* Products */;
			projectDirPath = "";
			projectReferences = (
				{
					ProductGroup = E14DEFA3169C518700B0C07E /* Products */;
					ProjectRef = E14DEFA2169C518700B0C07E /* Pods.xcodeproj */;
				},
			);
			projectRoot = "";
			targets = (
				E14DEF5A169C509900B0C07E /* CreditCard-Validator-ObjC */,
				E14DEF8A169C514F00B0C07E /* KiwiUnitTest */,
			);
		};
/* End PBXProject section */

/* Begin PBXReferenceProxy section */
		E14DEFAA169C518700B0C07E /* libPods-KiwiUnitTest.a */ = {
			isa = PBXReferenceProxy;
			fileType = archive.ar;
			path = "libPods-KiwiUnitTest.a";
			remoteRef = E14DEFA9169C518700B0C07E /* PBXContainerItemProxy */;
			sourceTree = BUILT_PRODUCTS_DIR;
		};
/* End PBXReferenceProxy section */

/* Begin PBXResourcesBuildPhase section */
		E14DEF59169C509900B0C07E /* Resources */ = {
			isa = PBXResourcesBuildPhase;
			buildActionMask = 2147483647;
			files = (
				E14DEF6A169C509900B0C07E /* InfoPlist.strings in Resources */,
				E14DEF72169C509900B0C07E /* Default.png in Resources */,
				E14DEF74169C509900B0C07E /* Default@2x.png in Resources */,
				E14DEF76169C509900B0C07E /* Default-568h@2x.png in Resources */,
				E14DEF79169C509900B0C07E /* MainStoryboard.storyboard in Resources */,
			);
			runOnlyForDeploymentPostprocessing = 0;
		};
		E14DEF88169C514F00B0C07E /* Resources */ = {
			isa = PBXResourcesBuildPhase;
			buildActionMask = 2147483647;
			files = (
				E14DEF95169C515000B0C07E /* InfoPlist.strings in Resources */,
			);
			runOnlyForDeploymentPostprocessing = 0;
		};
/* End PBXResourcesBuildPhase section */

/* Begin PBXShellScriptBuildPhase section */
		81BCB20499674340AE79EDCB /* Copy Pods Resources */ = {
			isa = PBXShellScriptBuildPhase;
			buildActionMask = 2147483647;
			files = (
			);
			inputPaths = (
			);
			name = "Copy Pods Resources";
			outputPaths = (
			);
			runOnlyForDeploymentPostprocessing = 0;
			shellPath = /bin/sh;
			shellScript = "\"${SRCROOT}/Pods/Pods-KiwiUnitTest-resources.sh\"\n";
		};
		E14DEF89169C514F00B0C07E /* ShellScript */ = {
			isa = PBXShellScriptBuildPhase;
			buildActionMask = 2147483647;
			files = (
			);
			inputPaths = (
			);
			outputPaths = (
			);
			runOnlyForDeploymentPostprocessing = 0;
			shellPath = /bin/sh;
			shellScript = "# Run the unit tests in this test bundle.\n\"${SYSTEM_DEVELOPER_DIR}/Tools/RunUnitTests\"\n";
		};
/* End PBXShellScriptBuildPhase section */

/* Begin PBXSourcesBuildPhase section */
		E14DEF57169C509900B0C07E /* Sources */ = {
			isa = PBXSourcesBuildPhase;
			buildActionMask = 2147483647;
			files = (
				E14DEF6C169C509900B0C07E /* main.m in Sources */,
				E14DEF70169C509900B0C07E /* AppDelegate.m in Sources */,
				E14DEF7C169C509900B0C07E /* ViewController.m in Sources */,
				E14DEFAF169C573100B0C07E /* CreditCard-Validator.m in Sources */,
			);
			runOnlyForDeploymentPostprocessing = 0;
		};
		E14DEF86169C514F00B0C07E /* Sources */ = {
			isa = PBXSourcesBuildPhase;
			buildActionMask = 2147483647;
			files = (
				E14DEFB3169C5B7500B0C07E /* CreditCard-Validator.m in Sources */,
				E14DEFEB169C76D200B0C07E /* CreditCard-ValidatorSpecs.m in Sources */,
			);
			runOnlyForDeploymentPostprocessing = 0;
		};
/* End PBXSourcesBuildPhase section */

/* Begin PBXVariantGroup section */
		E14DEF68169C509900B0C07E /* InfoPlist.strings */ = {
			isa = PBXVariantGroup;
			children = (
				E14DEF69169C509900B0C07E /* en */,
			);
			name = InfoPlist.strings;
			sourceTree = "<group>";
		};
		E14DEF77169C509900B0C07E /* MainStoryboard.storyboard */ = {
			isa = PBXVariantGroup;
			children = (
				E14DEF78169C509900B0C07E /* en */,
			);
			name = MainStoryboard.storyboard;
			sourceTree = "<group>";
		};
		E14DEF93169C515000B0C07E /* InfoPlist.strings */ = {
			isa = PBXVariantGroup;
			children = (
				E14DEF94169C515000B0C07E /* en */,
			);
			name = InfoPlist.strings;
			sourceTree = "<group>";
		};
/* End PBXVariantGroup section */

/* Begin XCBuildConfiguration section */
		E14DEF7D169C509900B0C07E /* Debug */ = {
			isa = XCBuildConfiguration;
			buildSettings = {
				ALWAYS_SEARCH_USER_PATHS = NO;
				CLANG_CXX_LANGUAGE_STANDARD = "gnu++0x";
				CLANG_CXX_LIBRARY = "libc++";
				CLANG_ENABLE_OBJC_ARC = YES;
				CLANG_WARN_EMPTY_BODY = YES;
				CLANG_WARN__DUPLICATE_METHOD_MATCH = YES;
				"CODE_SIGN_IDENTITY[sdk=iphoneos*]" = "iPhone Developer";
				COPY_PHASE_STRIP = NO;
				GCC_C_LANGUAGE_STANDARD = gnu99;
				GCC_DYNAMIC_NO_PIC = NO;
				GCC_OPTIMIZATION_LEVEL = 0;
				GCC_PREPROCESSOR_DEFINITIONS = (
					"DEBUG=1",
					"$(inherited)",
				);
				GCC_SYMBOLS_PRIVATE_EXTERN = NO;
				GCC_WARN_ABOUT_RETURN_TYPE = YES;
				GCC_WARN_UNINITIALIZED_AUTOS = YES;
				GCC_WARN_UNUSED_VARIABLE = YES;
				IPHONEOS_DEPLOYMENT_TARGET = 6.0;
				ONLY_ACTIVE_ARCH = YES;
				SDKROOT = iphoneos;
			};
			name = Debug;
		};
		E14DEF7E169C509900B0C07E /* Release */ = {
			isa = XCBuildConfiguration;
			buildSettings = {
				ALWAYS_SEARCH_USER_PATHS = NO;
				CLANG_CXX_LANGUAGE_STANDARD = "gnu++0x";
				CLANG_CXX_LIBRARY = "libc++";
				CLANG_ENABLE_OBJC_ARC = YES;
				CLANG_WARN_EMPTY_BODY = YES;
				CLANG_WARN__DUPLICATE_METHOD_MATCH = YES;
				"CODE_SIGN_IDENTITY[sdk=iphoneos*]" = "iPhone Developer";
				COPY_PHASE_STRIP = YES;
				GCC_C_LANGUAGE_STANDARD = gnu99;
				GCC_WARN_ABOUT_RETURN_TYPE = YES;
				GCC_WARN_UNINITIALIZED_AUTOS = YES;
				GCC_WARN_UNUSED_VARIABLE = YES;
				IPHONEOS_DEPLOYMENT_TARGET = 6.0;
				OTHER_CFLAGS = "-DNS_BLOCK_ASSERTIONS=1";
				SDKROOT = iphoneos;
				VALIDATE_PRODUCT = YES;
			};
			name = Release;
		};
		E14DEF80169C509900B0C07E /* Debug */ = {
			isa = XCBuildConfiguration;
			buildSettings = {
				GCC_PRECOMPILE_PREFIX_HEADER = YES;
				GCC_PREFIX_HEADER = "CreditCard-Validator-ObjC/CreditCard-Validator-ObjC-Prefix.pch";
				INFOPLIST_FILE = "CreditCard-Validator-ObjC/CreditCard-Validator-ObjC-Info.plist";
				PRODUCT_NAME = "$(TARGET_NAME)";
				WRAPPER_EXTENSION = app;
			};
			name = Debug;
		};
		E14DEF81169C509900B0C07E /* Release */ = {
			isa = XCBuildConfiguration;
			buildSettings = {
				GCC_PRECOMPILE_PREFIX_HEADER = YES;
				GCC_PREFIX_HEADER = "CreditCard-Validator-ObjC/CreditCard-Validator-ObjC-Prefix.pch";
				INFOPLIST_FILE = "CreditCard-Validator-ObjC/CreditCard-Validator-ObjC-Info.plist";
				PRODUCT_NAME = "$(TARGET_NAME)";
				WRAPPER_EXTENSION = app;
			};
			name = Release;
		};
		E14DEF9A169C515000B0C07E /* Debug */ = {
			isa = XCBuildConfiguration;
			baseConfigurationReference = 2F4E0E24017242CBB36B71D3 /* Pods-KiwiUnitTest.xcconfig */;
			buildSettings = {
				FRAMEWORK_SEARCH_PATHS = (
					"\"$(SDKROOT)/Developer/Library/Frameworks\"",
					"\"$(DEVELOPER_LIBRARY_DIR)/Frameworks\"",
				);
				GCC_PRECOMPILE_PREFIX_HEADER = YES;
				GCC_PREFIX_HEADER = "KiwiUnitTest/KiwiUnitTest-Prefix.pch";
				INFOPLIST_FILE = "KiwiUnitTest/KiwiUnitTest-Info.plist";
				PRODUCT_NAME = "$(TARGET_NAME)";
				WRAPPER_EXTENSION = octest;
			};
			name = Debug;
		};
		E14DEF9B169C515000B0C07E /* Release */ = {
			isa = XCBuildConfiguration;
			baseConfigurationReference = 2F4E0E24017242CBB36B71D3 /* Pods-KiwiUnitTest.xcconfig */;
			buildSettings = {
				FRAMEWORK_SEARCH_PATHS = (
					"\"$(SDKROOT)/Developer/Library/Frameworks\"",
					"\"$(DEVELOPER_LIBRARY_DIR)/Frameworks\"",
				);
				GCC_PRECOMPILE_PREFIX_HEADER = YES;
				GCC_PREFIX_HEADER = "KiwiUnitTest/KiwiUnitTest-Prefix.pch";
				INFOPLIST_FILE = "KiwiUnitTest/KiwiUnitTest-Info.plist";
				PRODUCT_NAME = "$(TARGET_NAME)";
				WRAPPER_EXTENSION = octest;
			};
			name = Release;
		};
/* End XCBuildConfiguration section */

/* Begin XCConfigurationList section */
		E14DEF55169C509900B0C07E /* Build configuration list for PBXProject "CreditCard-Validator-ObjC" */ = {
			isa = XCConfigurationList;
			buildConfigurations = (
				E14DEF7D169C509900B0C07E /* Debug */,
				E14DEF7E169C509900B0C07E /* Release */,
			);
			defaultConfigurationIsVisible = 0;
			defaultConfigurationName = Release;
		};
		E14DEF7F169C509900B0C07E /* Build configuration list for PBXNativeTarget "CreditCard-Validator-ObjC" */ = {
			isa = XCConfigurationList;
			buildConfigurations = (
				E14DEF80169C509900B0C07E /* Debug */,
				E14DEF81169C509900B0C07E /* Release */,
			);
			defaultConfigurationIsVisible = 0;
			defaultConfigurationName = Release;
		};
		E14DEF9C169C515000B0C07E /* Build configuration list for PBXNativeTarget "KiwiUnitTest" */ = {
			isa = XCConfigurationList;
			buildConfigurations = (
				E14DEF9A169C515000B0C07E /* Debug */,
				E14DEF9B169C515000B0C07E /* Release */,
			);
			defaultConfigurationIsVisible = 0;
			defaultConfigurationName = Release;
		};
/* End XCConfigurationList section */
	};
	rootObject = E14DEF52169C509900B0C07E /* Project object */;
}
